
Microsoft Visual Studio Solution File, Format Version 12.00
# Visual Studio 2013
VisualStudioVersion = 12.0.21005.1
MinimumVisualStudioVersion = 10.0.40219.1
Project("{8BC9CEB8-8B4A-11D0-8D11-00A0C91BC942}") = "每日一题17", "每日一题17\每日一题17.vcxproj", "{1FB6D893-4EF3-44A8-8203-A00DD2C35FF6}"
EndProject
Global
	GlobalSection(SolutionConfigurationPlatforms) = preSolution
		Debug|Win32 = Debug|Win32
		Release|Win32 = Release|Win32
	EndGlobalSection
	GlobalSection(ProjectConfigurationPlatforms) = postSolution
		{1FB6D893-4EF3-44A8-8203-A00DD2C35FF6}.Debug|Win32.ActiveCfg = Debug|Win32
		{1FB6D893-4EF3-44A8-8203-A00DD2C35FF6}.Debug|Win32.Build.0 = Debug|Win32
		{1FB6D893-4EF3-44A8-8203-A00DD2C35FF6}.Release|Win32.ActiveCfg = Release|Win32
		{1FB6D893-4EF3-44A8-8203-A00DD2C35FF6}.Release|Win32.Build.0 = Release|Win32
	EndGlobalSection
	GlobalSection(SolutionProperties) = preSolution
		HideSolutionNode = FALSE
	EndGlobalSection
EndGlobal
